version = 1
revision = 2
requires-python = ">=3.13"

[[package]]
name = "annotated-types"
version = "0.7.0"
source = { registry = "https://pypi.org/simple" }
sdist = { url = "https://files.pythonhosted.org/packages/ee/67/531ea369ba64dcff5ec9c3402f9f51bf748cec26dde048a2f973a4eea7f5/annotated_types-0.7.0.tar.gz", hash = "sha256:aff07c09a53a08bc8cfccb9c85b05f1aa9a2a6f23728d790723543408344ce89", size = 16081, upload-time = "2024-05-20T21:33:25.928Z" }
wheels = [
    { url = "https://files.pythonhosted.org/packages/78/b6/6307fbef88d9b5ee7421e68d78a9f162e0da4900bc5f5793f6d3d0e34fb8/annotated_types-0.7.0-py3-none-any.whl", hash = "sha256:1f02e8b43a8fbbc3f3e0d4f0f4bfc8131bcb4eebe8849b8e5c773f3a1c582a53", size = 13643, upload-time = "2024-05-20T21:33:24.1Z" },
]

[[package]]
name = "pydantic"
version = "2.11.5"
source = { registry = "https://pypi.org/simple" }
dependencies = [
    { name = "annotated-types" },
    { name = "pydantic-core" },
    { name = "typing-extensions" },
    { name = "typing-inspection" },
]
sdist = { url = "https://files.pythonhosted.org/packages/f0/86/8ce9040065e8f924d642c58e4a344e33163a07f6b57f836d0d734e0ad3fb/pydantic-2.11.5.tar.gz", hash = "sha256:7f853db3d0ce78ce8bbb148c401c2cdd6431b3473c0cdff2755c7690952a7b7a", size = 787102, upload-time = "2025-05-22T21:18:08.761Z" }
wheels = [
    { url = "https://files.pythonhosted.org/packages/b5/69/831ed22b38ff9b4b64b66569f0e5b7b97cf3638346eb95a2147fdb49ad5f/pydantic-2.11.5-py3-none-any.whl", hash = "sha256:f9c26ba06f9747749ca1e5c94d6a85cb84254577553c8785576fd38fa64dc0f7", size = 444229, upload-time = "2025-05-22T21:18:06.329Z" },
]

[[package]]
name = "pydantic-core"
version = "2.33.2"
source = { registry = "https://pypi.org/simple" }
dependencies = [
    { name = "typing-extensions" },
]
sdist = { url = "https://files.pythonhosted.org/packages/ad/88/5f2260bdfae97aabf98f1778d43f69574390ad787afb646292a638c923d4/pydantic_core-2.33.2.tar.gz", hash = "sha256:7cb8bc3605c29176e1b105350d2e6474142d7c1bd1d9327c4a9bdb46bf827acc", size = 435195, upload-time = "2025-04-23T18:33:52.104Z" }
wheels = [
    { url = "https://files.pythonhosted.org/packages/46/8c/99040727b41f56616573a28771b1bfa08a3d3fe74d3d513f01251f79f172/pydantic_core-2.33.2-cp313-cp313-macosx_10_12_x86_64.whl", hash = "sha256:1082dd3e2d7109ad8b7da48e1d4710c8d06c253cbc4a27c1cff4fbcaa97a9e3f", size = 2015688, upload-time = "2025-04-23T18:31:53.175Z" },
    { url = "https://files.pythonhosted.org/packages/3a/cc/5999d1eb705a6cefc31f0b4a90e9f7fc400539b1a1030529700cc1b51838/pydantic_core-2.33.2-cp313-cp313-macosx_11_0_arm64.whl", hash = "sha256:f517ca031dfc037a9c07e748cefd8d96235088b83b4f4ba8939105d20fa1dcd6", size = 1844808, upload-time = "2025-04-23T18:31:54.79Z" },
    { url = "https://files.pythonhosted.org/packages/6f/5e/a0a7b8885c98889a18b6e376f344da1ef323d270b44edf8174d6bce4d622/pydantic_core-2.33.2-cp313-cp313-manylinux_2_17_aarch64.manylinux2014_aarch64.whl", hash = "sha256:0a9f2c9dd19656823cb8250b0724ee9c60a82f3cdf68a080979d13092a3b0fef", size = 1885580, upload-time = "2025-04-23T18:31:57.393Z" },
    { url = "https://files.pythonhosted.org/packages/3b/2a/953581f343c7d11a304581156618c3f592435523dd9d79865903272c256a/pydantic_core-2.33.2-cp313-cp313-manylinux_2_17_armv7l.manylinux2014_armv7l.whl", hash = "sha256:2b0a451c263b01acebe51895bfb0e1cc842a5c666efe06cdf13846c7418caa9a", size = 1973859, upload-time = "2025-04-23T18:31:59.065Z" },
    { url = "https://files.pythonhosted.org/packages/e6/55/f1a813904771c03a3f97f676c62cca0c0a4138654107c1b61f19c644868b/pydantic_core-2.33.2-cp313-cp313-manylinux_2_17_ppc64le.manylinux2014_ppc64le.whl", hash = "sha256:1ea40a64d23faa25e62a70ad163571c0b342b8bf66d5fa612ac0dec4f069d916", size = 2120810, upload-time = "2025-04-23T18:32:00.78Z" },
    { url = "https://files.pythonhosted.org/packages/aa/c3/053389835a996e18853ba107a63caae0b9deb4a276c6b472931ea9ae6e48/pydantic_core-2.33.2-cp313-cp313-manylinux_2_17_s390x.manylinux2014_s390x.whl", hash = "sha256:0fb2d542b4d66f9470e8065c5469ec676978d625a8b7a363f07d9a501a9cb36a", size = 2676498, upload-time = "2025-04-23T18:32:02.418Z" },
    { url = "https://files.pythonhosted.org/packages/eb/3c/f4abd740877a35abade05e437245b192f9d0ffb48bbbbd708df33d3cda37/pydantic_core-2.33.2-cp313-cp313-manylinux_2_17_x86_64.manylinux2014_x86_64.whl", hash = "sha256:9fdac5d6ffa1b5a83bca06ffe7583f5576555e6c8b3a91fbd25ea7780f825f7d", size = 2000611, upload-time = "2025-04-23T18:32:04.152Z" },
    { url = "https://files.pythonhosted.org/packages/59/a7/63ef2fed1837d1121a894d0ce88439fe3e3b3e48c7543b2a4479eb99c2bd/pydantic_core-2.33.2-cp313-cp313-manylinux_2_5_i686.manylinux1_i686.whl", hash = "sha256:04a1a413977ab517154eebb2d326da71638271477d6ad87a769102f7c2488c56", size = 2107924, upload-time = "2025-04-23T18:32:06.129Z" },
    { url = "https://files.pythonhosted.org/packages/04/8f/2551964ef045669801675f1cfc3b0d74147f4901c3ffa42be2ddb1f0efc4/pydantic_core-2.33.2-cp313-cp313-musllinux_1_1_aarch64.whl", hash = "sha256:c8e7af2f4e0194c22b5b37205bfb293d166a7344a5b0d0eaccebc376546d77d5", size = 2063196, upload-time = "2025-04-23T18:32:08.178Z" },
    { url = "https://files.pythonhosted.org/packages/26/bd/d9602777e77fc6dbb0c7db9ad356e9a985825547dce5ad1d30ee04903918/pydantic_core-2.33.2-cp313-cp313-musllinux_1_1_armv7l.whl", hash = "sha256:5c92edd15cd58b3c2d34873597a1e20f13094f59cf88068adb18947df5455b4e", size = 2236389, upload-time = "2025-04-23T18:32:10.242Z" },
    { url = "https://files.pythonhosted.org/packages/42/db/0e950daa7e2230423ab342ae918a794964b053bec24ba8af013fc7c94846/pydantic_core-2.33.2-cp313-cp313-musllinux_1_1_x86_64.whl", hash = "sha256:65132b7b4a1c0beded5e057324b7e16e10910c106d43675d9bd87d4f38dde162", size = 2239223, upload-time = "2025-04-23T18:32:12.382Z" },
    { url = "https://files.pythonhosted.org/packages/58/4d/4f937099c545a8a17eb52cb67fe0447fd9a373b348ccfa9a87f141eeb00f/pydantic_core-2.33.2-cp313-cp313-win32.whl", hash = "sha256:52fb90784e0a242bb96ec53f42196a17278855b0f31ac7c3cc6f5c1ec4811849", size = 1900473, upload-time = "2025-04-23T18:32:14.034Z" },
    { url = "https://files.pythonhosted.org/packages/a0/75/4a0a9bac998d78d889def5e4ef2b065acba8cae8c93696906c3a91f310ca/pydantic_core-2.33.2-cp313-cp313-win_amd64.whl", hash = "sha256:c083a3bdd5a93dfe480f1125926afcdbf2917ae714bdb80b36d34318b2bec5d9", size = 1955269, upload-time = "2025-04-23T18:32:15.783Z" },
    { url = "https://files.pythonhosted.org/packages/f9/86/1beda0576969592f1497b4ce8e7bc8cbdf614c352426271b1b10d5f0aa64/pydantic_core-2.33.2-cp313-cp313-win_arm64.whl", hash = "sha256:e80b087132752f6b3d714f041ccf74403799d3b23a72722ea2e6ba2e892555b9", size = 1893921, upload-time = "2025-04-23T18:32:18.473Z" },
    { url = "https://files.pythonhosted.org/packages/a4/7d/e09391c2eebeab681df2b74bfe6c43422fffede8dc74187b2b0bf6fd7571/pydantic_core-2.33.2-cp313-cp313t-macosx_11_0_arm64.whl", hash = "sha256:61c18fba8e5e9db3ab908620af374db0ac1baa69f0f32df4f61ae23f15e586ac", size = 1806162, upload-time = "2025-04-23T18:32:20.188Z" },
    { url = "https://files.pythonhosted.org/packages/f1/3d/847b6b1fed9f8ed3bb95a9ad04fbd0b212e832d4f0f50ff4d9ee5a9f15cf/pydantic_core-2.33.2-cp313-cp313t-manylinux_2_17_x86_64.manylinux2014_x86_64.whl", hash = "sha256:95237e53bb015f67b63c91af7518a62a8660376a6a0db19b89acc77a4d6199f5", size = 1981560, upload-time = "2025-04-23T18:32:22.354Z" },
    { url = "https://files.pythonhosted.org/packages/6f/9a/e73262f6c6656262b5fdd723ad90f518f579b7bc8622e43a942eec53c938/pydantic_core-2.33.2-cp313-cp313t-win_amd64.whl", hash = "sha256:c2fc0a768ef76c15ab9238afa6da7f69895bb5d1ee83aeea2e3509af4472d0b9", size = 1935777, upload-time = "2025-04-23T18:32:25.088Z" },
]

[[package]]
name = "tree-sitter"
version = "0.24.0"
source = { registry = "https://pypi.org/simple" }
sdist = { url = "https://files.pythonhosted.org/packages/a7/a2/698b9d31d08ad5558f8bfbfe3a0781bd4b1f284e89bde3ad18e05101a892/tree-sitter-0.24.0.tar.gz", hash = "sha256:abd95af65ca2f4f7eca356343391ed669e764f37748b5352946f00f7fc78e734", size = 168304, upload-time = "2025-01-17T05:06:38.115Z" }
wheels = [
    { url = "https://files.pythonhosted.org/packages/61/cd/2348339c85803330ce38cee1c6cbbfa78a656b34ff58606ebaf5c9e83bd0/tree_sitter-0.24.0-cp313-cp313-macosx_10_13_x86_64.whl", hash = "sha256:0d4a6416ed421c4210f0ca405a4834d5ccfbb8ad6692d4d74f7773ef68f92071", size = 140781, upload-time = "2025-01-17T05:06:22.82Z" },
    { url = "https://files.pythonhosted.org/packages/8b/a3/1ea9d8b64e8dcfcc0051028a9c84a630301290995cd6e947bf88267ef7b1/tree_sitter-0.24.0-cp313-cp313-macosx_11_0_arm64.whl", hash = "sha256:e0992d483677e71d5c5d37f30dfb2e3afec2f932a9c53eec4fca13869b788c6c", size = 133928, upload-time = "2025-01-17T05:06:25.146Z" },
    { url = "https://files.pythonhosted.org/packages/fe/ae/55c1055609c9428a4aedf4b164400ab9adb0b1bf1538b51f4b3748a6c983/tree_sitter-0.24.0-cp313-cp313-manylinux_2_17_aarch64.manylinux2014_aarch64.whl", hash = "sha256:57277a12fbcefb1c8b206186068d456c600dbfbc3fd6c76968ee22614c5cd5ad", size = 564497, upload-time = "2025-01-17T05:06:27.53Z" },
    { url = "https://files.pythonhosted.org/packages/ce/d0/f2ffcd04882c5aa28d205a787353130cbf84b2b8a977fd211bdc3b399ae3/tree_sitter-0.24.0-cp313-cp313-manylinux_2_17_x86_64.manylinux2014_x86_64.whl", hash = "sha256:d25fa22766d63f73716c6fec1a31ee5cf904aa429484256bd5fdf5259051ed74", size = 578917, upload-time = "2025-01-17T05:06:31.057Z" },
    { url = "https://files.pythonhosted.org/packages/af/82/aebe78ea23a2b3a79324993d4915f3093ad1af43d7c2208ee90be9273273/tree_sitter-0.24.0-cp313-cp313-musllinux_1_2_x86_64.whl", hash = "sha256:7d5d9537507e1c8c5fa9935b34f320bfec4114d675e028f3ad94f11cf9db37b9", size = 581148, upload-time = "2025-01-17T05:06:32.409Z" },
    { url = "https://files.pythonhosted.org/packages/a1/b4/6b0291a590c2b0417cfdb64ccb8ea242f270a46ed429c641fbc2bfab77e0/tree_sitter-0.24.0-cp313-cp313-win_amd64.whl", hash = "sha256:f58bb4956917715ec4d5a28681829a8dad5c342cafd4aea269f9132a83ca9b34", size = 120207, upload-time = "2025-01-17T05:06:34.841Z" },
    { url = "https://files.pythonhosted.org/packages/a8/18/542fd844b75272630229c9939b03f7db232c71a9d82aadc59c596319ea6a/tree_sitter-0.24.0-cp313-cp313-win_arm64.whl", hash = "sha256:23641bd25dcd4bb0b6fa91b8fb3f46cc9f1c9f475efe4d536d3f1f688d1b84c8", size = 108232, upload-time = "2025-01-17T05:06:35.831Z" },
]

[[package]]
name = "tree-sitter-javascript"
version = "0.23.1"
source = { registry = "https://pypi.org/simple" }
sdist = { url = "https://files.pythonhosted.org/packages/cd/dc/1c55c33cc6bbe754359b330534cf9f261c1b9b2c26ddf23aef3c5fa67759/tree_sitter_javascript-0.23.1.tar.gz", hash = "sha256:b2059ce8b150162cda05a457ca3920450adbf915119c04b8c67b5241cd7fcfed", size = 110058, upload-time = "2024-11-10T05:40:42.357Z" }
wheels = [
    { url = "https://files.pythonhosted.org/packages/20/d3/c67d7d49967344b51208ad19f105233be1afdf07d3dcb35b471900265227/tree_sitter_javascript-0.23.1-cp39-abi3-macosx_10_9_x86_64.whl", hash = "sha256:6ca583dad4bd79d3053c310b9f7208cd597fd85f9947e4ab2294658bb5c11e35", size = 59333, upload-time = "2024-11-10T05:40:31.988Z" },
    { url = "https://files.pythonhosted.org/packages/a5/db/ea0ee1547679d1750e80a0c4bc60b3520b166eeaf048764cfdd1ba3fd5e5/tree_sitter_javascript-0.23.1-cp39-abi3-macosx_11_0_arm64.whl", hash = "sha256:94100e491a6a247aa4d14caf61230c171b6376c863039b6d9cd71255c2d815ec", size = 61071, upload-time = "2024-11-10T05:40:33.458Z" },
    { url = "https://files.pythonhosted.org/packages/67/6e/07c4857e08be37bfb55bfb269863df8ec908b2f6a3f1893cd852b893ecab/tree_sitter_javascript-0.23.1-cp39-abi3-manylinux_2_17_aarch64.manylinux2014_aarch64.whl", hash = "sha256:5a6bc1055b061c5055ec58f39ee9b2e9efb8e6e0ae970838af74da0afb811f0a", size = 96999, upload-time = "2024-11-10T05:40:34.869Z" },
    { url = "https://files.pythonhosted.org/packages/5f/f5/4de730afe8b9422845bc2064020a8a8f49ebd1695c04261c38d1b3e3edec/tree_sitter_javascript-0.23.1-cp39-abi3-manylinux_2_5_x86_64.manylinux1_x86_64.manylinux_2_17_x86_64.manylinux2014_x86_64.whl", hash = "sha256:056dc04fb6b24293f8c5fec43c14e7e16ba2075b3009c643abf8c85edc4c7c3c", size = 94020, upload-time = "2024-11-10T05:40:35.735Z" },
    { url = "https://files.pythonhosted.org/packages/77/0a/f980520da86c4eff8392867840a945578ef43372c9d4a37922baa6b121fe/tree_sitter_javascript-0.23.1-cp39-abi3-musllinux_1_2_x86_64.whl", hash = "sha256:a11ca1c0f736da42967586b568dff8a465ee148a986c15ebdc9382806e0ce871", size = 92927, upload-time = "2024-11-10T05:40:37.92Z" },
    { url = "https://files.pythonhosted.org/packages/ff/5c/36a98d512aa1d1082409d6b7eda5d26b820bd4477a54100ad9f62212bc55/tree_sitter_javascript-0.23.1-cp39-abi3-win_amd64.whl", hash = "sha256:041fa22b34250ea6eb313d33104d5303f79504cb259d374d691e38bbdc49145b", size = 58824, upload-time = "2024-11-10T05:40:39.903Z" },
    { url = "https://files.pythonhosted.org/packages/dc/79/ceb21988e6de615355a63eebcf806cd2a0fe875bec27b429d58b63e7fb5f/tree_sitter_javascript-0.23.1-cp39-abi3-win_arm64.whl", hash = "sha256:eb28130cd2fb30d702d614cbf61ef44d1c7f6869e7d864a9cc17111e370be8f7", size = 57027, upload-time = "2024-11-10T05:40:40.841Z" },
]

[[package]]
name = "tree-sitter-python"
version = "0.23.6"
source = { registry = "https://pypi.org/simple" }
sdist = { url = "https://files.pythonhosted.org/packages/1c/30/6766433b31be476fda6569a3a374c2220e45ffee0bff75460038a57bf23b/tree_sitter_python-0.23.6.tar.gz", hash = "sha256:354bfa0a2f9217431764a631516f85173e9711af2c13dbd796a8815acfe505d9", size = 155868, upload-time = "2024-12-22T23:09:55.918Z" }
wheels = [
    { url = "https://files.pythonhosted.org/packages/ab/67/577a02acae5f776007c924ca86ef14c19c12e71de0aa9d2a036f3c248e7b/tree_sitter_python-0.23.6-cp39-abi3-macosx_10_9_x86_64.whl", hash = "sha256:28fbec8f74eeb2b30292d97715e60fac9ccf8a8091ce19b9d93e9b580ed280fb", size = 74361, upload-time = "2024-12-22T23:09:42.37Z" },
    { url = "https://files.pythonhosted.org/packages/d2/a6/194b3625a7245c532ad418130d63077ce6cd241152524152f533e4d6edb0/tree_sitter_python-0.23.6-cp39-abi3-macosx_11_0_arm64.whl", hash = "sha256:680b710051b144fedf61c95197db0094f2245e82551bf7f0c501356333571f7a", size = 76436, upload-time = "2024-12-22T23:09:43.566Z" },
    { url = "https://files.pythonhosted.org/packages/d0/62/1da112689d6d282920e62c40e67ab39ea56463b0e7167bfc5e81818a770e/tree_sitter_python-0.23.6-cp39-abi3-manylinux_2_17_aarch64.manylinux2014_aarch64.whl", hash = "sha256:8a9dcef55507b6567207e8ee0a6b053d0688019b47ff7f26edc1764b7f4dc0a4", size = 112060, upload-time = "2024-12-22T23:09:44.721Z" },
    { url = "https://files.pythonhosted.org/packages/5d/62/c9358584c96e38318d69b6704653684fd8467601f7b74e88aa44f4e6903f/tree_sitter_python-0.23.6-cp39-abi3-manylinux_2_5_x86_64.manylinux1_x86_64.manylinux_2_17_x86_64.manylinux2014_x86_64.whl", hash = "sha256:29dacdc0cd2f64e55e61d96c6906533ebb2791972bec988450c46cce60092f5d", size = 112338, upload-time = "2024-12-22T23:09:48.323Z" },
    { url = "https://files.pythonhosted.org/packages/1a/58/c5e61add45e34fb8ecbf057c500bae9d96ed7c9ca36edb7985da8ae45526/tree_sitter_python-0.23.6-cp39-abi3-musllinux_1_2_x86_64.whl", hash = "sha256:7e048733c36f564b379831689006801feb267d8194f9e793fbb395ef1723335d", size = 109382, upload-time = "2024-12-22T23:09:49.49Z" },
    { url = "https://files.pythonhosted.org/packages/e9/f3/9b30893cae9b3811fe652dc6f90aaadfda12ae0b2757f5722fc7266f423c/tree_sitter_python-0.23.6-cp39-abi3-win_amd64.whl", hash = "sha256:a24027248399fb41594b696f929f9956828ae7cc85596d9f775e6c239cd0c2be", size = 75904, upload-time = "2024-12-22T23:09:51.597Z" },
    { url = "https://files.pythonhosted.org/packages/87/cb/ce35a65f83a47b510d8a2f1eddf3bdbb0d57aabc87351c8788caf3309f76/tree_sitter_python-0.23.6-cp39-abi3-win_arm64.whl", hash = "sha256:71334371bd73d5fe080aed39fbff49ed8efb9506edebe16795b0c7567ed6a272", size = 73649, upload-time = "2024-12-22T23:09:53.71Z" },
]

[[package]]
name = "tree-sitter-typescript"
version = "0.23.2"
source = { registry = "https://pypi.org/simple" }
sdist = { url = "https://files.pythonhosted.org/packages/1e/fc/bb52958f7e399250aee093751e9373a6311cadbe76b6e0d109b853757f35/tree_sitter_typescript-0.23.2.tar.gz", hash = "sha256:7b167b5827c882261cb7a50dfa0fb567975f9b315e87ed87ad0a0a3aedb3834d", size = 773053, upload-time = "2024-11-11T02:36:11.396Z" }
wheels = [
    { url = "https://files.pythonhosted.org/packages/28/95/4c00680866280e008e81dd621fd4d3f54aa3dad1b76b857a19da1b2cc426/tree_sitter_typescript-0.23.2-cp39-abi3-macosx_10_9_x86_64.whl", hash = "sha256:3cd752d70d8e5371fdac6a9a4df9d8924b63b6998d268586f7d374c9fba2a478", size = 286677, upload-time = "2024-11-11T02:35:58.839Z" },
    { url = "https://files.pythonhosted.org/packages/8f/2f/1f36fda564518d84593f2740d5905ac127d590baf5c5753cef2a88a89c15/tree_sitter_typescript-0.23.2-cp39-abi3-macosx_11_0_arm64.whl", hash = "sha256:c7cc1b0ff5d91bac863b0e38b1578d5505e718156c9db577c8baea2557f66de8", size = 302008, upload-time = "2024-11-11T02:36:00.733Z" },
    { url = "https://files.pythonhosted.org/packages/96/2d/975c2dad292aa9994f982eb0b69cc6fda0223e4b6c4ea714550477d8ec3a/tree_sitter_typescript-0.23.2-cp39-abi3-manylinux_2_17_aarch64.manylinux2014_aarch64.whl", hash = "sha256:4b1eed5b0b3a8134e86126b00b743d667ec27c63fc9de1b7bb23168803879e31", size = 351987, upload-time = "2024-11-11T02:36:02.669Z" },
    { url = "https://files.pythonhosted.org/packages/49/d1/a71c36da6e2b8a4ed5e2970819b86ef13ba77ac40d9e333cb17df6a2c5db/tree_sitter_typescript-0.23.2-cp39-abi3-manylinux_2_5_x86_64.manylinux1_x86_64.manylinux_2_17_x86_64.manylinux2014_x86_64.whl", hash = "sha256:e96d36b85bcacdeb8ff5c2618d75593ef12ebaf1b4eace3477e2bdb2abb1752c", size = 344960, upload-time = "2024-11-11T02:36:04.443Z" },
    { url = "https://files.pythonhosted.org/packages/7f/cb/f57b149d7beed1a85b8266d0c60ebe4c46e79c9ba56bc17b898e17daf88e/tree_sitter_typescript-0.23.2-cp39-abi3-musllinux_1_2_x86_64.whl", hash = "sha256:8d4f0f9bcb61ad7b7509d49a1565ff2cc363863644a234e1e0fe10960e55aea0", size = 340245, upload-time = "2024-11-11T02:36:06.473Z" },
    { url = "https://files.pythonhosted.org/packages/8b/ab/dd84f0e2337296a5f09749f7b5483215d75c8fa9e33738522e5ed81f7254/tree_sitter_typescript-0.23.2-cp39-abi3-win_amd64.whl", hash = "sha256:3f730b66396bc3e11811e4465c41ee45d9e9edd6de355a58bbbc49fa770da8f9", size = 278015, upload-time = "2024-11-11T02:36:07.631Z" },
    { url = "https://files.pythonhosted.org/packages/9f/e4/81f9a935789233cf412a0ed5fe04c883841d2c8fb0b7e075958a35c65032/tree_sitter_typescript-0.23.2-cp39-abi3-win_arm64.whl", hash = "sha256:05db58f70b95ef0ea126db5560f3775692f609589ed6f8dd0af84b7f19f1cbb7", size = 274052, upload-time = "2024-11-11T02:36:09.514Z" },
]

[[package]]
name = "turbo-review"
version = "0.1.0"
source = { virtual = "." }
dependencies = [
    { name = "pydantic" },
    { name = "tree-sitter" },
    { name = "tree-sitter-javascript" },
    { name = "tree-sitter-python" },
    { name = "tree-sitter-typescript" },
    { name = "unidiff" },
]

[package.metadata]
requires-dist = [
    { name = "pydantic", specifier = ">=2.11.5" },
    { name = "tree-sitter", specifier = ">=0.24.0" },
    { name = "tree-sitter-javascript", specifier = ">=0.23.1" },
    { name = "tree-sitter-python", specifier = ">=0.23.6" },
    { name = "tree-sitter-typescript", specifier = ">=0.23.2" },
    { name = "unidiff", specifier = ">=0.7.5" },
]

[[package]]
name = "typing-extensions"
version = "4.14.0"
source = { registry = "https://pypi.org/simple" }
sdist = { url = "https://files.pythonhosted.org/packages/d1/bc/51647cd02527e87d05cb083ccc402f93e441606ff1f01739a62c8ad09ba5/typing_extensions-4.14.0.tar.gz", hash = "sha256:8676b788e32f02ab42d9e7c61324048ae4c6d844a399eebace3d4979d75ceef4", size = 107423, upload-time = "2025-06-02T14:52:11.399Z" }
wheels = [
    { url = "https://files.pythonhosted.org/packages/69/e0/552843e0d356fbb5256d21449fa957fa4eff3bbc135a74a691ee70c7c5da/typing_extensions-4.14.0-py3-none-any.whl", hash = "sha256:a1514509136dd0b477638fc68d6a91497af5076466ad0fa6c338e44e359944af", size = 43839, upload-time = "2025-06-02T14:52:10.026Z" },
]

[[package]]
name = "typing-inspection"
version = "0.4.1"
source = { registry = "https://pypi.org/simple" }
dependencies = [
    { name = "typing-extensions" },
]
sdist = { url = "https://files.pythonhosted.org/packages/f8/b1/0c11f5058406b3af7609f121aaa6b609744687f1d158b3c3a5bf4cc94238/typing_inspection-0.4.1.tar.gz", hash = "sha256:6ae134cc0203c33377d43188d4064e9b357dba58cff3185f22924610e70a9d28", size = 75726, upload-time = "2025-05-21T18:55:23.885Z" }
wheels = [
    { url = "https://files.pythonhosted.org/packages/17/69/cd203477f944c353c31bade965f880aa1061fd6bf05ded0726ca845b6ff7/typing_inspection-0.4.1-py3-none-any.whl", hash = "sha256:389055682238f53b04f7badcb49b989835495a96700ced5dab2d8feae4b26f51", size = 14552, upload-time = "2025-05-21T18:55:22.152Z" },
]

[[package]]
name = "unidiff"
version = "0.7.5"
source = { registry = "https://pypi.org/simple" }
sdist = { url = "https://files.pythonhosted.org/packages/a3/48/81be0ac96e423a877754153699731ef439fd7b80b4c8b5425c94ed079ebd/unidiff-0.7.5.tar.gz", hash = "sha256:2e5f0162052248946b9f0970a40e9e124236bf86c82b70821143a6fc1dea2574", size = 20931, upload-time = "2023-03-10T01:05:39.185Z" }
wheels = [
    { url = "https://files.pythonhosted.org/packages/8a/54/57c411a6e8f7bd7848c8b66e4dcaffa586bf4c02e63f2280db0327a4e6eb/unidiff-0.7.5-py2.py3-none-any.whl", hash = "sha256:c93bf2265cc1ba2a520e415ab05da587370bc2a3ae9e0414329f54f0c2fc09e8", size = 14386, upload-time = "2023-03-10T01:05:36.594Z" },
]
